
Microsoft Visual Studio Solution File, Format Version 10.00
# Visual Studio 2008
Project("{2150E333-8FDC-42A3-9474-1A3956D46DE8}") = "Solution Items", "Solution Items", "{62E3D346-9998-487A-B429-70849FF07F99}"
EndProject
Project("{E24C65DC-7377-472B-9ABA-BC803B73C61A}") = "E:\Project_1st_Review\WebSite1\", "E:\Project_1st_Review\WebSite1\", "{FE6E24B5-ED02-48A0-9849-81FEFE3B5017}"
	ProjectSection(WebsiteProperties) = preProject
		Debug.AspNetCompiler.VirtualPath = "/WebSite1"
		Debug.AspNetCompiler.PhysicalPath = "E:\Project_1st_Review\WebSite1\"
		Debug.AspNetCompiler.TargetPath = "PrecompiledWeb\WebSite1\"
		Debug.AspNetCompiler.Updateable = "true"
		Debug.AspNetCompiler.ForceOverwrite = "true"
		Debug.AspNetCompiler.FixedNames = "false"
		Debug.AspNetCompiler.Debug = "True"
		Release.AspNetCompiler.VirtualPath = "/WebSite1"
		Release.AspNetCompiler.PhysicalPath = "E:\Project_1st_Review\WebSite1\"
		Release.AspNetCompiler.TargetPath = "PrecompiledWeb\WebSite1\"
		Release.AspNetCompiler.Updateable = "true"
		Release.AspNetCompiler.ForceOverwrite = "true"
		Release.AspNetCompiler.FixedNames = "false"
		Release.AspNetCompiler.Debug = "False"
		VWDPort = "1241"
	EndProjectSection
EndProject
Global
	GlobalSection(SolutionConfigurationPlatforms) = preSolution
		Debug|.NET = Debug|.NET
	EndGlobalSection
	GlobalSection(ProjectConfigurationPlatforms) = postSolution
		{FE6E24B5-ED02-48A0-9849-81FEFE3B5017}.Debug|.NET.ActiveCfg = Debug|.NET
		{FE6E24B5-ED02-48A0-9849-81FEFE3B5017}.Debug|.NET.Build.0 = Debug|.NET
	EndGlobalSection
	GlobalSection(SolutionProperties) = preSolution
		HideSolutionNode = FALSE
	EndGlobalSection
EndGlobal
